{
  "name": "@capacitor-community/camera-preview",
  "version": "2.0.0-beta.0",
  "lockfileVersion": 1,
  "requires": true,
  "dependencies": {
    "@capacitor/android": {
      "version": "3.0.0-beta.1",
      "resolved": "https://registry.npmjs.org/@capacitor/android/-/android-3.0.0-beta.1.tgz",
      "integrity": "sha512-XtlvrxFfikRknDpC3Wr7DjMFE9V0Ur0OL6p0Z7BEyMCRiEq5tnx/IVfGdpnQimaULn/mhQwYJE6RipQIxegIMQ==",
      "dev": true
    },
    "@capacitor/core": {
      "version": "3.0.0-beta.1",
      "resolved": "https://registry.npmjs.org/@capacitor/core/-/core-3.0.0-beta.1.tgz",
      "integrity": "sha512-g6ZknoO/J74ojGh1KPZuwkXs/dwNPm0+r4oojyWZiCNjT2iOwK8j3gA1QWz405GBdDyKXTR3oloUcs2jJBnOyg==",
      "requires": {
        "tslib": "^2.1.0"
      }
    },
    "@capacitor/ios": {
      "version": "3.0.0-beta.1",
      "resolved": "https://registry.npmjs.org/@capacitor/ios/-/ios-3.0.0-beta.1.tgz",
      "integrity": "sha512-n1znAOXQ5idqjRfxSN8vF8q2IC1waJbT0cTfSE6/7LKQ/afySGll77v725WzUc1XfsOTEn1+buImNOhzWwMvRA==",
      "dev": true
    },
    "tslib": {
      "version": "2.1.0",
      "resolved": "https://registry.npmjs.org/tslib/-/tslib-2.1.0.tgz",
      "integrity": "sha512-hcVC3wYEziELGGmEEXue7D75zbwIIVUMWAVbHItGPx0ziyXxrOMQx4rQEVEV45Ut/1IotuEvwqPopzIOkDMf0A=="
    },
    "typescript": {
      "version": "3.9.7",
      "resolved": "https://registry.npmjs.org/typescript/-/typescript-3.9.7.tgz",
      "integrity": "sha512-BLbiRkiBzAwsjut4x/dsibSTB6yWpwT5qWmC2OfuCg3GgVQCSgMs4vEctYPhsaGtd0AeuuHMkjZ2h2WG8MSzRw==",
      "dev": true
    }
  }
}
